
Microsoft Visual Studio Solution File, Format Version 12.00
# Visual Studio Version 17
VisualStudioVersion = 17.0.31903.59
MinimumVisualStudioVersion = 10.0.40219.1
Project("{2150E333-8FDC-42A3-9474-1A3956D46DE8}") = "src", "src", "{827E0CD3-B72D-47B6-A68D-7590B98EB39B}"
EndProject
Project("{FAE04EC0-301F-11D3-BF4B-00C04F79EFBC}") = "AuctionService", "src\AuctionService\AuctionService.csproj", "{BDDFD427-2B7E-419B-ABD4-E05DF00E0BA9}"
EndProject
Project("{FAE04EC0-301F-11D3-BF4B-00C04F79EFBC}") = "SearchService", "src\SearchService\SearchService.csproj", "{7ED7E4E6-22FF-4610-810F-1D51FAD144DB}"
EndProject
Project("{FAE04EC0-301F-11D3-BF4B-00C04F79EFBC}") = "Contracts", "src\Contracts\Contracts.csproj", "{6DE5CF01-6341-4AA6-AA24-B3BC7C1A4FD0}"
EndProject
Global
	GlobalSection(SolutionConfigurationPlatforms) = preSolution
		Debug|Any CPU = Debug|Any CPU
		Debug|x64 = Debug|x64
		Debug|x86 = Debug|x86
		Release|Any CPU = Release|Any CPU
		Release|x64 = Release|x64
		Release|x86 = Release|x86
	EndGlobalSection
	GlobalSection(ProjectConfigurationPlatforms) = postSolution
		{BDDFD427-2B7E-419B-ABD4-E05DF00E0BA9}.Debug|Any CPU.ActiveCfg = Debug|Any CPU
		{BDDFD427-2B7E-419B-ABD4-E05DF00E0BA9}.Debug|Any CPU.Build.0 = Debug|Any CPU
		{BDDFD427-2B7E-419B-ABD4-E05DF00E0BA9}.Debug|x64.ActiveCfg = Debug|Any CPU
		{BDDFD427-2B7E-419B-ABD4-E05DF00E0BA9}.Debug|x64.Build.0 = Debug|Any CPU
		{BDDFD427-2B7E-419B-ABD4-E05DF00E0BA9}.Debug|x86.ActiveCfg = Debug|Any CPU
		{BDDFD427-2B7E-419B-ABD4-E05DF00E0BA9}.Debug|x86.Build.0 = Debug|Any CPU
		{BDDFD427-2B7E-419B-ABD4-E05DF00E0BA9}.Release|Any CPU.ActiveCfg = Release|Any CPU
		{BDDFD427-2B7E-419B-ABD4-E05DF00E0BA9}.Release|Any CPU.Build.0 = Release|Any CPU
		{BDDFD427-2B7E-419B-ABD4-E05DF00E0BA9}.Release|x64.ActiveCfg = Release|Any CPU
		{BDDFD427-2B7E-419B-ABD4-E05DF00E0BA9}.Release|x64.Build.0 = Release|Any CPU
		{BDDFD427-2B7E-419B-ABD4-E05DF00E0BA9}.Release|x86.ActiveCfg = Release|Any CPU
		{BDDFD427-2B7E-419B-ABD4-E05DF00E0BA9}.Release|x86.Build.0 = Release|Any CPU
		{7ED7E4E6-22FF-4610-810F-1D51FAD144DB}.Debug|Any CPU.ActiveCfg = Debug|Any CPU
		{7ED7E4E6-22FF-4610-810F-1D51FAD144DB}.Debug|Any CPU.Build.0 = Debug|Any CPU
		{7ED7E4E6-22FF-4610-810F-1D51FAD144DB}.Debug|x64.ActiveCfg = Debug|Any CPU
		{7ED7E4E6-22FF-4610-810F-1D51FAD144DB}.Debug|x64.Build.0 = Debug|Any CPU
		{7ED7E4E6-22FF-4610-810F-1D51FAD144DB}.Debug|x86.ActiveCfg = Debug|Any CPU
		{7ED7E4E6-22FF-4610-810F-1D51FAD144DB}.Debug|x86.Build.0 = Debug|Any CPU
		{7ED7E4E6-22FF-4610-810F-1D51FAD144DB}.Release|Any CPU.ActiveCfg = Release|Any CPU
		{7ED7E4E6-22FF-4610-810F-1D51FAD144DB}.Release|Any CPU.Build.0 = Release|Any CPU
		{7ED7E4E6-22FF-4610-810F-1D51FAD144DB}.Release|x64.ActiveCfg = Release|Any CPU
		{7ED7E4E6-22FF-4610-810F-1D51FAD144DB}.Release|x64.Build.0 = Release|Any CPU
		{7ED7E4E6-22FF-4610-810F-1D51FAD144DB}.Release|x86.ActiveCfg = Release|Any CPU
		{7ED7E4E6-22FF-4610-810F-1D51FAD144DB}.Release|x86.Build.0 = Release|Any CPU
		{6DE5CF01-6341-4AA6-AA24-B3BC7C1A4FD0}.Debug|Any CPU.ActiveCfg = Debug|Any CPU
		{6DE5CF01-6341-4AA6-AA24-B3BC7C1A4FD0}.Debug|Any CPU.Build.0 = Debug|Any CPU
		{6DE5CF01-6341-4AA6-AA24-B3BC7C1A4FD0}.Debug|x64.ActiveCfg = Debug|Any CPU
		{6DE5CF01-6341-4AA6-AA24-B3BC7C1A4FD0}.Debug|x64.Build.0 = Debug|Any CPU
		{6DE5CF01-6341-4AA6-AA24-B3BC7C1A4FD0}.Debug|x86.ActiveCfg = Debug|Any CPU
		{6DE5CF01-6341-4AA6-AA24-B3BC7C1A4FD0}.Debug|x86.Build.0 = Debug|Any CPU
		{6DE5CF01-6341-4AA6-AA24-B3BC7C1A4FD0}.Release|Any CPU.ActiveCfg = Release|Any CPU
		{6DE5CF01-6341-4AA6-AA24-B3BC7C1A4FD0}.Release|Any CPU.Build.0 = Release|Any CPU
		{6DE5CF01-6341-4AA6-AA24-B3BC7C1A4FD0}.Release|x64.ActiveCfg = Release|Any CPU
		{6DE5CF01-6341-4AA6-AA24-B3BC7C1A4FD0}.Release|x64.Build.0 = Release|Any CPU
		{6DE5CF01-6341-4AA6-AA24-B3BC7C1A4FD0}.Release|x86.ActiveCfg = Release|Any CPU
		{6DE5CF01-6341-4AA6-AA24-B3BC7C1A4FD0}.Release|x86.Build.0 = Release|Any CPU
	EndGlobalSection
	GlobalSection(SolutionProperties) = preSolution
		HideSolutionNode = FALSE
	EndGlobalSection
	GlobalSection(NestedProjects) = preSolution
		{BDDFD427-2B7E-419B-ABD4-E05DF00E0BA9} = {827E0CD3-B72D-47B6-A68D-7590B98EB39B}
		{7ED7E4E6-22FF-4610-810F-1D51FAD144DB} = {827E0CD3-B72D-47B6-A68D-7590B98EB39B}
		{6DE5CF01-6341-4AA6-AA24-B3BC7C1A4FD0} = {827E0CD3-B72D-47B6-A68D-7590B98EB39B}
	EndGlobalSection
EndGlobal
